{
    "_readme": [
        "This file locks the dependencies of your project to a known state",
        "Read more about it at https://getcomposer.org/doc/01-basic-usage.md#composer-lock-the-lock-file",
        "This file is @generated automatically"
    ],
    "hash": "7a9af7ed65de167c7efb26e9897865b5",
    "packages": [
        {
            "name": "phpmailer/phpmailer",
            "version": "v5.2.10",
            "source": {
                "type": "git",
                "url": "https://github.com/PHPMailer/PHPMailer.git",
                "reference": "07005ecbb80d11ec8c0f067bb37e8909cc7fcbb7"
            },
            "dist": {
                "type": "zip",
                "url": "https://api.github.com/repos/PHPMailer/PHPMailer/zipball/07005ecbb80d11ec8c0f067bb37e8909cc7fcbb7",
                "reference": "07005ecbb80d11ec8c0f067bb37e8909cc7fcbb7",
                "shasum": ""
            },
            "require": {
                "php": ">=5.0.0"
            },
            "require-dev": {
                "phpdocumentor/phpdocumentor": "*",
                "phpunit/phpunit": "4.3.*"
            },
            "type": "library",
            "autoload": {
                "classmap": [
                    "class.phpmailer.php",
                    "class.smtp.php",
                    "class.pop3.php",
                    "extras/EasyPeasyICS.php",
                    "extras/ntlm_sasl_client.php"
                ]
            },
            "notification-url": "http://packagist.cn/downloads/",
            "license": [
                "LGPL-2.1"
            ],
            "authors": [
                {
                    "name": "Jim Jagielski",
                    "email": "jimjag@gmail.com"
                },
                {
                    "name": "Marcus Bointon",
                    "email": "phpmailer@synchromedia.co.uk"
                },
                {
                    "name": "Andy Prevost",
                    "email": "codeworxtech@users.sourceforge.net"
                },
                {
                    "name": "Brent R. Matzelle"
                }
            ],
            "description": "PHPMailer is a full-featured email creation and transfer class for PHP",
            "time": "2015-05-04 12:37:21"
        },
        {
            "name": "tedivm/fetch",
            "version": "v0.6.1",
            "source": {
                "type": "git",
                "url": "https://github.com/tedious/Fetch.git",
                "reference": "154a84fdfa0d045c2871dd9f8708362fb9ea4acf"
            },
            "dist": {
                "type": "zip",
                "url": "https://api.github.com/repos/tedious/Fetch/zipball/154a84fdfa0d045c2871dd9f8708362fb9ea4acf",
                "reference": "154a84fdfa0d045c2871dd9f8708362fb9ea4acf",
                "shasum": ""
            },
            "require": {
                "ext-imap": "*",
                "php": ">=5.3.0"
            },
            "require-dev": {
                "fabpot/php-cs-fixer": "0.5.*",
                "phpunit/phpunit": "4.2.*",
                "satooshi/php-coveralls": "dev-master",
                "tedivm/dovecottesting": "1.2.3"
            },
            "type": "library",
            "autoload": {
                "psr-0": {
                    "Fetch": "src/"
                }
            },
            "notification-url": "http://packagist.cn/downloads/",
            "license": [
                "BSD-3-Clause"
            ],
            "authors": [
                {
                    "name": "Robert Hafner",
                    "email": "tedivm@tedivm.com"
                }
            ],
            "description": "A PHP IMAP Library",
            "homepage": "http://github.com/tedious/Fetch",
            "keywords": [
                "email",
                "imap",
                "pop3"
            ],
            "time": "2015-01-08 03:22:20"
        }
    ],
    "packages-dev": [],
    "aliases": [],
    "minimum-stability": "stable",
    "stability-flags": [],
    "prefer-stable": false,
    "prefer-lowest": false,
    "platform": [],
    "platform-dev": []
}
